
Microsoft Visual Studio Solution File, Format Version 12.00
# Visual Studio 2012
Project("{FAE04EC0-301F-11D3-BF4B-00C04F79EFBC}") = "CS280-Homework-1.1", "CS280-Homework-1.1\CS280-Homework-1.1.csproj", "{441725CB-CEB7-4723-AA55-2DBD5A08A85E}"
EndProject
Global
	GlobalSection(SolutionConfigurationPlatforms) = preSolution
		Debug|Any CPU = Debug|Any CPU
		Release|Any CPU = Release|Any CPU
	EndGlobalSection
	GlobalSection(ProjectConfigurationPlatforms) = postSolution
		{441725CB-CEB7-4723-AA55-2DBD5A08A85E}.Debug|Any CPU.ActiveCfg = Debug|Any CPU
		{441725CB-CEB7-4723-AA55-2DBD5A08A85E}.Debug|Any CPU.Build.0 = Debug|Any CPU
		{441725CB-CEB7-4723-AA55-2DBD5A08A85E}.Release|Any CPU.ActiveCfg = Release|Any CPU
		{441725CB-CEB7-4723-AA55-2DBD5A08A85E}.Release|Any CPU.Build.0 = Release|Any CPU
	EndGlobalSection
	GlobalSection(SolutionProperties) = preSolution
		HideSolutionNode = FALSE
	EndGlobalSection
EndGlobal
